
Microsoft Visual Studio Solution File, Format Version 12.00
# Visual Studio 14
VisualStudioVersion = 14.0.24720.0
MinimumVisualStudioVersion = 10.0.40219.1
Project("{F184B08F-C81C-45F6-A57F-5ABD9991F28F}") = "lab11", "lab11\lab11.vbproj", "{B708ED2A-7009-49C3-B858-1E0EA1A6A588}"
EndProject
Global
	GlobalSection(SolutionConfigurationPlatforms) = preSolution
		Debug|Any CPU = Debug|Any CPU
		Release|Any CPU = Release|Any CPU
	EndGlobalSection
	GlobalSection(ProjectConfigurationPlatforms) = postSolution
		{B708ED2A-7009-49C3-B858-1E0EA1A6A588}.Debug|Any CPU.ActiveCfg = Debug|Any CPU
		{B708ED2A-7009-49C3-B858-1E0EA1A6A588}.Debug|Any CPU.Build.0 = Debug|Any CPU
		{B708ED2A-7009-49C3-B858-1E0EA1A6A588}.Release|Any CPU.ActiveCfg = Release|Any CPU
		{B708ED2A-7009-49C3-B858-1E0EA1A6A588}.Release|Any CPU.Build.0 = Release|Any CPU
	EndGlobalSection
	GlobalSection(SolutionProperties) = preSolution
		HideSolutionNode = FALSE
	EndGlobalSection
EndGlobal
