
Microsoft Visual Studio Solution File, Format Version 12.00
# Visual Studio 14
VisualStudioVersion = 14.0.24720.0
MinimumVisualStudioVersion = 10.0.40219.1
Project("{F184B08F-C81C-45F6-A57F-5ABD9991F28F}") = "Dinner Order Form", "WindowsApplication2\Dinner Order Form.vbproj", "{D3C705E9-1878-4D2F-8143-BD5B0320CBD2}"
EndProject
Global
	GlobalSection(SolutionConfigurationPlatforms) = preSolution
		Debug|Any CPU = Debug|Any CPU
		Release|Any CPU = Release|Any CPU
	EndGlobalSection
	GlobalSection(ProjectConfigurationPlatforms) = postSolution
		{D3C705E9-1878-4D2F-8143-BD5B0320CBD2}.Debug|Any CPU.ActiveCfg = Debug|Any CPU
		{D3C705E9-1878-4D2F-8143-BD5B0320CBD2}.Debug|Any CPU.Build.0 = Debug|Any CPU
		{D3C705E9-1878-4D2F-8143-BD5B0320CBD2}.Release|Any CPU.ActiveCfg = Release|Any CPU
		{D3C705E9-1878-4D2F-8143-BD5B0320CBD2}.Release|Any CPU.Build.0 = Release|Any CPU
	EndGlobalSection
	GlobalSection(SolutionProperties) = preSolution
		HideSolutionNode = FALSE
	EndGlobalSection
EndGlobal
